Microsoft Visual Studio Solution File, Format Version 12.00
# Visual Studio 2013
VisualStudioVersion = 12.0.40629.0
MinimumVisualStudioVersion = 10.0.40219.1
Project("{FAE04EC0-301F-11D3-BF4B-00C04F79EFBC}") = "Kodestruct.Analysis", "Kodestruct.Analysis\Kodestruct.Analysis.csproj", "{A031EF5A-ED61-4003-A4C1-C8611114EB46}"
EndProject
Project("{FAE04EC0-301F-11D3-BF4B-00C04F79EFBC}") = "Kodestruct.Steel", "Kodestruct.Steel\Kodestruct.Steel.csproj", "{6CC168AC-FF6F-433E-A338-49D8D5C82570}"
EndProject
Project("{FAE04EC0-301F-11D3-BF4B-00C04F79EFBC}") = "Kodestruct.Concrete", "Kodestruct.Concrete\Kodestruct.Concrete.csproj", "{5774FABD-0F85-451D-AB52-9CC1EF9ED518}"
EndProject
Project("{FAE04EC0-301F-11D3-BF4B-00C04F79EFBC}") = "Kodestruct.Common", "Kodestruct.Common\Kodestruct.Common.csproj", "{CE5FAB55-3050-40B3-8C2D-D273A825E9D6}"
EndProject
Project("{FAE04EC0-301F-11D3-BF4B-00C04F79EFBC}") = "Kodestruct.Wood", "Kodestruct.Wood\Kodestruct.Wood.csproj", "{69A15B6B-BFC5-455C-A080-A994F503AD35}"
EndProject
Project("{FAE04EC0-301F-11D3-BF4B-00C04F79EFBC}") = "Kodestruct.Loads", "Kodestruct.Loads\Kodestruct.Loads.csproj", "{DBEBE4A9-448F-4181-92EE-A34D23F34013}"
EndProject
Project("{2150E333-8FDC-42A3-9474-1A3956D46DE8}") = "Tests", "Tests", "{DD8BF506-8438-4F6C-A97B-C3C8247A369F}"
EndProject
Project("{FAE04EC0-301F-11D3-BF4B-00C04F79EFBC}") = "Kodestruct.Common.Tests", "Tests\Kodestruct.Common.Tests\Kodestruct.Common.Tests.csproj", "{22074235-D9D7-4F89-A880-EB511CB076AE}"
EndProject
Project("{FAE04EC0-301F-11D3-BF4B-00C04F79EFBC}") = "Kodestruct.Loads.Tests", "Tests\Kodestruct.Loads.Tests\Kodestruct.Loads.Tests.csproj", "{43E64F2B-5EF7-4E1C-BFF8-CCFEDB6CD127}"
EndProject
Project("{2150E333-8FDC-42A3-9474-1A3956D46DE8}") = ".nuget", ".nuget", "{274FE7CF-7217-40E0-B0AF-3088013C2999}"
	ProjectSection(SolutionItems) = preProject
		.nuget\NuGet.Config = .nuget\NuGet.Config
		.nuget\NuGet.exe = .nuget\NuGet.exe
		.nuget\NuGet.targets = .nuget\NuGet.targets
	EndProjectSection
EndProject
Project("{FAE04EC0-301F-11D3-BF4B-00C04F79EFBC}") = "Kodestruct.Steel.Tests", "Tests\Kodestruct.Steel.Tests\Kodestruct.Steel.Tests.csproj", "{6406BD7F-A9B9-458F-BCBE-5DDC0EDCFA35}"
EndProject
Project("{2150E333-8FDC-42A3-9474-1A3956D46DE8}") = "Solution Items", "Solution Items", "{3187E507-2CA9-4604-87E7-29F609C269F7}"
	ProjectSection(SolutionItems) = preProject
		License.txt = License.txt
	EndProjectSection
EndProject
Project("{FAE04EC0-301F-11D3-BF4B-00C04F79EFBC}") = "Kodestruct.Analysis.Tests", "Tests\Kodestruct.Analysis.Tests\Kodestruct.Analysis.Tests.csproj", "{3FB31682-8312-49CE-A750-D40FFDE2D821}"
EndProject
Project("{FAE04EC0-301F-11D3-BF4B-00C04F79EFBC}") = "Kodestruct.Concrete.Tests", "Tests\Kodestruct.Concrete.Tests\Kodestruct.Concrete.Tests.csproj", "{381FDBB2-3657-41D3-967F-E9C1F2649FD9}"
EndProject
Project("{FAE04EC0-301F-11D3-BF4B-00C04F79EFBC}") = "Kodestruct.Wood.Tests", "Tests\Kodestruct.Wood.Tests\Kodestruct.Wood.Tests.csproj", "{EBE63C35-56DD-4F0D-9A74-26DBDA049ED0}"
EndProject
Global
	GlobalSection(SolutionConfigurationPlatforms) = preSolution
		Debug|Any CPU = Debug|Any CPU
		Debug|Mixed Platforms = Debug|Mixed Platforms
		Debug|x86 = Debug|x86
		Release|Any CPU = Release|Any CPU
		Release|Mixed Platforms = Release|Mixed Platforms
		Release|x86 = Release|x86
	EndGlobalSection
	GlobalSection(ProjectConfigurationPlatforms) = postSolution
		{A031EF5A-ED61-4003-A4C1-C8611114EB46}.Debug|Any CPU.ActiveCfg = Debug|Any CPU
		{A031EF5A-ED61-4003-A4C1-C8611114EB46}.Debug|Any CPU.Build.0 = Debug|Any CPU
		{A031EF5A-ED61-4003-A4C1-C8611114EB46}.Debug|Mixed Platforms.ActiveCfg = Debug|Any CPU
		{A031EF5A-ED61-4003-A4C1-C8611114EB46}.Debug|Mixed Platforms.Build.0 = Debug|Any CPU
		{A031EF5A-ED61-4003-A4C1-C8611114EB46}.Debug|x86.ActiveCfg = Debug|Any CPU
		{A031EF5A-ED61-4003-A4C1-C8611114EB46}.Release|Any CPU.ActiveCfg = Release|Any CPU
		{A031EF5A-ED61-4003-A4C1-C8611114EB46}.Release|Any CPU.Build.0 = Release|Any CPU
		{A031EF5A-ED61-4003-A4C1-C8611114EB46}.Release|Mixed Platforms.ActiveCfg = Release|Any CPU
		{A031EF5A-ED61-4003-A4C1-C8611114EB46}.Release|Mixed Platforms.Build.0 = Release|Any CPU
		{A031EF5A-ED61-4003-A4C1-C8611114EB46}.Release|x86.ActiveCfg = Release|Any CPU
		{6CC168AC-FF6F-433E-A338-49D8D5C82570}.Debug|Any CPU.ActiveCfg = Debug|Any CPU
		{6CC168AC-FF6F-433E-A338-49D8D5C82570}.Debug|Any CPU.Build.0 = Debug|Any CPU
		{6CC168AC-FF6F-433E-A338-49D8D5C82570}.Debug|Mixed Platforms.ActiveCfg = Debug|Any CPU
		{6CC168AC-FF6F-433E-A338-49D8D5C82570}.Debug|Mixed Platforms.Build.0 = Debug|Any CPU
		{6CC168AC-FF6F-433E-A338-49D8D5C82570}.Debug|x86.ActiveCfg = Debug|Any CPU
		{6CC168AC-FF6F-433E-A338-49D8D5C82570}.Release|Any CPU.ActiveCfg = Release|Any CPU
		{6CC168AC-FF6F-433E-A338-49D8D5C82570}.Release|Any CPU.Build.0 = Release|Any CPU
		{6CC168AC-FF6F-433E-A338-49D8D5C82570}.Release|Mixed Platforms.ActiveCfg = Release|Any CPU
		{6CC168AC-FF6F-433E-A338-49D8D5C82570}.Release|Mixed Platforms.Build.0 = Release|Any CPU
		{6CC168AC-FF6F-433E-A338-49D8D5C82570}.Release|x86.ActiveCfg = Release|Any CPU
		{5774FABD-0F85-451D-AB52-9CC1EF9ED518}.Debug|Any CPU.ActiveCfg = Debug|Any CPU
		{5774FABD-0F85-451D-AB52-9CC1EF9ED518}.Debug|Any CPU.Build.0 = Debug|Any CPU
		{5774FABD-0F85-451D-AB52-9CC1EF9ED518}.Debug|Mixed Platforms.ActiveCfg = Debug|Any CPU
		{5774FABD-0F85-451D-AB52-9CC1EF9ED518}.Debug|Mixed Platforms.Build.0 = Debug|Any CPU
		{5774FABD-0F85-451D-AB52-9CC1EF9ED518}.Debug|x86.ActiveCfg = Debug|Any CPU
		{5774FABD-0F85-451D-AB52-9CC1EF9ED518}.Release|Any CPU.ActiveCfg = Release|Any CPU
		{5774FABD-0F85-451D-AB52-9CC1EF9ED518}.Release|Any CPU.Build.0 = Release|Any CPU
		{5774FABD-0F85-451D-AB52-9CC1EF9ED518}.Release|Mixed Platforms.ActiveCfg = Release|Any CPU
		{5774FABD-0F85-451D-AB52-9CC1EF9ED518}.Release|Mixed Platforms.Build.0 = Release|Any CPU
		{5774FABD-0F85-451D-AB52-9CC1EF9ED518}.Release|x86.ActiveCfg = Release|Any CPU
		{CE5FAB55-3050-40B3-8C2D-D273A825E9D6}.Debug|Any CPU.ActiveCfg = Debug|Any CPU
		{CE5FAB55-3050-40B3-8C2D-D273A825E9D6}.Debug|Any CPU.Build.0 = Debug|Any CPU
		{CE5FAB55-3050-40B3-8C2D-D273A825E9D6}.Debug|Mixed Platforms.ActiveCfg = Debug|Any CPU
		{CE5FAB55-3050-40B3-8C2D-D273A825E9D6}.Debug|Mixed Platforms.Build.0 = Debug|Any CPU
		{CE5FAB55-3050-40B3-8C2D-D273A825E9D6}.Debug|x86.ActiveCfg = Debug|Any CPU
		{CE5FAB55-3050-40B3-8C2D-D273A825E9D6}.Release|Any CPU.ActiveCfg = Release|Any CPU
		{CE5FAB55-3050-40B3-8C2D-D273A825E9D6}.Release|Any CPU.Build.0 = Release|Any CPU
		{CE5FAB55-3050-40B3-8C2D-D273A825E9D6}.Release|Mixed Platforms.ActiveCfg = Release|Any CPU
		{CE5FAB55-3050-40B3-8C2D-D273A825E9D6}.Release|Mixed Platforms.Build.0 = Release|Any CPU
		{CE5FAB55-3050-40B3-8C2D-D273A825E9D6}.Release|x86.ActiveCfg = Release|Any CPU
		{69A15B6B-BFC5-455C-A080-A994F503AD35}.Debug|Any CPU.ActiveCfg = Debug|Any CPU
		{69A15B6B-BFC5-455C-A080-A994F503AD35}.Debug|Any CPU.Build.0 = Debug|Any CPU
		{69A15B6B-BFC5-455C-A080-A994F503AD35}.Debug|Mixed Platforms.ActiveCfg = Debug|Any CPU
		{69A15B6B-BFC5-455C-A080-A994F503AD35}.Debug|Mixed Platforms.Build.0 = Debug|Any CPU
		{69A15B6B-BFC5-455C-A080-A994F503AD35}.Debug|x86.ActiveCfg = Debug|Any CPU
		{69A15B6B-BFC5-455C-A080-A994F503AD35}.Release|Any CPU.ActiveCfg = Release|Any CPU
		{69A15B6B-BFC5-455C-A080-A994F503AD35}.Release|Any CPU.Build.0 = Release|Any CPU
		{69A15B6B-BFC5-455C-A080-A994F503AD35}.Release|Mixed Platforms.ActiveCfg = Release|Any CPU
		{69A15B6B-BFC5-455C-A080-A994F503AD35}.Release|Mixed Platforms.Build.0 = Release|Any CPU
		{69A15B6B-BFC5-455C-A080-A994F503AD35}.Release|x86.ActiveCfg = Release|Any CPU
		{DBEBE4A9-448F-4181-92EE-A34D23F34013}.Debug|Any CPU.ActiveCfg = Debug|Any CPU
		{DBEBE4A9-448F-4181-92EE-A34D23F34013}.Debug|Any CPU.Build.0 = Debug|Any CPU
		{DBEBE4A9-448F-4181-92EE-A34D23F34013}.Debug|Mixed Platforms.ActiveCfg = Debug|Any CPU
		{DBEBE4A9-448F-4181-92EE-A34D23F34013}.Debug|Mixed Platforms.Build.0 = Debug|Any CPU
		{DBEBE4A9-448F-4181-92EE-A34D23F34013}.Debug|x86.ActiveCfg = Debug|Any CPU
		{DBEBE4A9-448F-4181-92EE-A34D23F34013}.Release|Any CPU.ActiveCfg = Release|Any CPU
		{DBEBE4A9-448F-4181-92EE-A34D23F34013}.Release|Any CPU.Build.0 = Release|Any CPU
		{DBEBE4A9-448F-4181-92EE-A34D23F34013}.Release|Mixed Platforms.ActiveCfg = Release|Any CPU
		{DBEBE4A9-448F-4181-92EE-A34D23F34013}.Release|Mixed Platforms.Build.0 = Release|Any CPU
		{DBEBE4A9-448F-4181-92EE-A34D23F34013}.Release|x86.ActiveCfg = Release|Any CPU
		{22074235-D9D7-4F89-A880-EB511CB076AE}.Debug|Any CPU.ActiveCfg = Debug|Any CPU
		{22074235-D9D7-4F89-A880-EB511CB076AE}.Debug|Any CPU.Build.0 = Debug|Any CPU
		{22074235-D9D7-4F89-A880-EB511CB076AE}.Debug|Mixed Platforms.ActiveCfg = Debug|Any CPU
		{22074235-D9D7-4F89-A880-EB511CB076AE}.Debug|Mixed Platforms.Build.0 = Debug|Any CPU
		{22074235-D9D7-4F89-A880-EB511CB076AE}.Debug|x86.ActiveCfg = Debug|Any CPU
		{22074235-D9D7-4F89-A880-EB511CB076AE}.Release|Any CPU.ActiveCfg = Release|Any CPU
		{22074235-D9D7-4F89-A880-EB511CB076AE}.Release|Any CPU.Build.0 = Release|Any CPU
		{22074235-D9D7-4F89-A880-EB511CB076AE}.Release|Mixed Platforms.ActiveCfg = Release|Any CPU
		{22074235-D9D7-4F89-A880-EB511CB076AE}.Release|Mixed Platforms.Build.0 = Release|Any CPU
		{22074235-D9D7-4F89-A880-EB511CB076AE}.Release|x86.ActiveCfg = Release|Any CPU
		{43E64F2B-5EF7-4E1C-BFF8-CCFEDB6CD127}.Debug|Any CPU.ActiveCfg = Debug|Any CPU
		{43E64F2B-5EF7-4E1C-BFF8-CCFEDB6CD127}.Debug|Any CPU.Build.0 = Debug|Any CPU
		{43E64F2B-5EF7-4E1C-BFF8-CCFEDB6CD127}.Debug|Mixed Platforms.ActiveCfg = Debug|Any CPU
		{43E64F2B-5EF7-4E1C-BFF8-CCFEDB6CD127}.Debug|Mixed Platforms.Build.0 = Debug|Any CPU
		{43E64F2B-5EF7-4E1C-BFF8-CCFEDB6CD127}.Debug|x86.ActiveCfg = Debug|Any CPU
		{43E64F2B-5EF7-4E1C-BFF8-CCFEDB6CD127}.Release|Any CPU.ActiveCfg = Release|Any CPU
		{43E64F2B-5EF7-4E1C-BFF8-CCFEDB6CD127}.Release|Any CPU.Build.0 = Release|Any CPU
		{43E64F2B-5EF7-4E1C-BFF8-CCFEDB6CD127}.Release|Mixed Platforms.ActiveCfg = Release|Any CPU
		{43E64F2B-5EF7-4E1C-BFF8-CCFEDB6CD127}.Release|Mixed Platforms.Build.0 = Release|Any CPU
		{43E64F2B-5EF7-4E1C-BFF8-CCFEDB6CD127}.Release|x86.ActiveCfg = Release|Any CPU
		{6406BD7F-A9B9-458F-BCBE-5DDC0EDCFA35}.Debug|Any CPU.ActiveCfg = Debug|Any CPU
		{6406BD7F-A9B9-458F-BCBE-5DDC0EDCFA35}.Debug|Any CPU.Build.0 = Debug|Any CPU
		{6406BD7F-A9B9-458F-BCBE-5DDC0EDCFA35}.Debug|Mixed Platforms.ActiveCfg = Debug|Any CPU
		{6406BD7F-A9B9-458F-BCBE-5DDC0EDCFA35}.Debug|Mixed Platforms.Build.0 = Debug|Any CPU
		{6406BD7F-A9B9-458F-BCBE-5DDC0EDCFA35}.Debug|x86.ActiveCfg = Debug|Any CPU
		{6406BD7F-A9B9-458F-BCBE-5DDC0EDCFA35}.Release|Any CPU.ActiveCfg = Release|Any CPU
		{6406BD7F-A9B9-458F-BCBE-5DDC0EDCFA35}.Release|Any CPU.Build.0 = Release|Any CPU
		{6406BD7F-A9B9-458F-BCBE-5DDC0EDCFA35}.Release|Mixed Platforms.ActiveCfg = Release|Any CPU
		{6406BD7F-A9B9-458F-BCBE-5DDC0EDCFA35}.Release|Mixed Platforms.Build.0 = Release|Any CPU
		{6406BD7F-A9B9-458F-BCBE-5DDC0EDCFA35}.Release|x86.ActiveCfg = Release|Any CPU
		{3FB31682-8312-49CE-A750-D40FFDE2D821}.Debug|Any CPU.ActiveCfg = Debug|Any CPU
		{3FB31682-8312-49CE-A750-D40FFDE2D821}.Debug|Any CPU.Build.0 = Debug|Any CPU
		{3FB31682-8312-49CE-A750-D40FFDE2D821}.Debug|Mixed Platforms.ActiveCfg = Debug|Any CPU
		{3FB31682-8312-49CE-A750-D40FFDE2D821}.Debug|Mixed Platforms.Build.0 = Debug|Any CPU
		{3FB31682-8312-49CE-A750-D40FFDE2D821}.Debug|x86.ActiveCfg = Debug|Any CPU
		{3FB31682-8312-49CE-A750-D40FFDE2D821}.Release|Any CPU.ActiveCfg = Release|Any CPU
		{3FB31682-8312-49CE-A750-D40FFDE2D821}.Release|Any CPU.Build.0 = Release|Any CPU
		{3FB31682-8312-49CE-A750-D40FFDE2D821}.Release|Mixed Platforms.ActiveCfg = Release|Any CPU
		{3FB31682-8312-49CE-A750-D40FFDE2D821}.Release|Mixed Platforms.Build.0 = Release|Any CPU
		{3FB31682-8312-49CE-A750-D40FFDE2D821}.Release|x86.ActiveCfg = Release|Any CPU
		{381FDBB2-3657-41D3-967F-E9C1F2649FD9}.Debug|Any CPU.ActiveCfg = Debug|Any CPU
		{381FDBB2-3657-41D3-967F-E9C1F2649FD9}.Debug|Any CPU.Build.0 = Debug|Any CPU
		{381FDBB2-3657-41D3-967F-E9C1F2649FD9}.Debug|Mixed Platforms.ActiveCfg = Debug|Any CPU
		{381FDBB2-3657-41D3-967F-E9C1F2649FD9}.Debug|Mixed Platforms.Build.0 = Debug|Any CPU
		{381FDBB2-3657-41D3-967F-E9C1F2649FD9}.Debug|x86.ActiveCfg = Debug|Any CPU
		{381FDBB2-3657-41D3-967F-E9C1F2649FD9}.Release|Any CPU.ActiveCfg = Release|Any CPU
		{381FDBB2-3657-41D3-967F-E9C1F2649FD9}.Release|Any CPU.Build.0 = Release|Any CPU
		{381FDBB2-3657-41D3-967F-E9C1F2649FD9}.Release|Mixed Platforms.ActiveCfg = Release|Any CPU
		{381FDBB2-3657-41D3-967F-E9C1F2649FD9}.Release|Mixed Platforms.Build.0 = Release|Any CPU
		{381FDBB2-3657-41D3-967F-E9C1F2649FD9}.Release|x86.ActiveCfg = Release|Any CPU
		{EBE63C35-56DD-4F0D-9A74-26DBDA049ED0}.Debug|Any CPU.ActiveCfg = Debug|Any CPU
		{EBE63C35-56DD-4F0D-9A74-26DBDA049ED0}.Debug|Any CPU.Build.0 = Debug|Any CPU
		{EBE63C35-56DD-4F0D-9A74-26DBDA049ED0}.Debug|Mixed Platforms.ActiveCfg = Debug|Any CPU
		{EBE63C35-56DD-4F0D-9A74-26DBDA049ED0}.Debug|Mixed Platforms.Build.0 = Debug|Any CPU
		{EBE63C35-56DD-4F0D-9A74-26DBDA049ED0}.Debug|x86.ActiveCfg = Debug|Any CPU
		{EBE63C35-56DD-4F0D-9A74-26DBDA049ED0}.Release|Any CPU.ActiveCfg = Release|Any CPU
		{EBE63C35-56DD-4F0D-9A74-26DBDA049ED0}.Release|Any CPU.Build.0 = Release|Any CPU
		{EBE63C35-56DD-4F0D-9A74-26DBDA049ED0}.Release|Mixed Platforms.ActiveCfg = Release|Any CPU
		{EBE63C35-56DD-4F0D-9A74-26DBDA049ED0}.Release|Mixed Platforms.Build.0 = Release|Any CPU
		{EBE63C35-56DD-4F0D-9A74-26DBDA049ED0}.Release|x86.ActiveCfg = Release|Any CPU
	EndGlobalSection
	GlobalSection(SolutionProperties) = preSolution
		HideSolutionNode = FALSE
	EndGlobalSection
	GlobalSection(NestedProjects) = preSolution
		{22074235-D9D7-4F89-A880-EB511CB076AE} = {DD8BF506-8438-4F6C-A97B-C3C8247A369F}
		{43E64F2B-5EF7-4E1C-BFF8-CCFEDB6CD127} = {DD8BF506-8438-4F6C-A97B-C3C8247A369F}
		{6406BD7F-A9B9-458F-BCBE-5DDC0EDCFA35} = {DD8BF506-8438-4F6C-A97B-C3C8247A369F}
		{3FB31682-8312-49CE-A750-D40FFDE2D821} = {DD8BF506-8438-4F6C-A97B-C3C8247A369F}
		{381FDBB2-3657-41D3-967F-E9C1F2649FD9} = {DD8BF506-8438-4F6C-A97B-C3C8247A369F}
		{EBE63C35-56DD-4F0D-9A74-26DBDA049ED0} = {DD8BF506-8438-4F6C-A97B-C3C8247A369F}
	EndGlobalSection
EndGlobal
