
Microsoft Visual Studio Solution File, Format Version 12.00
# Visual Studio Version 16
VisualStudioVersion = 16.0.29911.84
MinimumVisualStudioVersion = 10.0.40219.1
Project("{9A19103F-16F7-4668-BE54-9A1E7A4F7556}") = "Kodestruct.Common", "Kodestruct.Common\Kodestruct.Common.csproj", "{7C5B0987-EE62-4E91-BA1C-D8C08E66F0DD}"
EndProject
Project("{9A19103F-16F7-4668-BE54-9A1E7A4F7556}") = "Kodestruct.Concrete", "Kodestruct.Concrete\Kodestruct.Concrete.csproj", "{E53D4DFE-FEB0-4395-86AB-D97A2E7E9B8E}"
EndProject
Project("{9A19103F-16F7-4668-BE54-9A1E7A4F7556}") = "Kodestruct.Steel", "Kodestruct.Steel\Kodestruct.Steel.csproj", "{80F897EA-99AB-4532-8BA6-96DE5FEEBFA2}"
EndProject
Project("{9A19103F-16F7-4668-BE54-9A1E7A4F7556}") = "Kodestruct.Analysis", "Kodestruct.Analysis\Kodestruct.Analysis.csproj", "{E48771D4-795D-49E8-BD49-79DE99AFFD4E}"
EndProject
Project("{9A19103F-16F7-4668-BE54-9A1E7A4F7556}") = "Kodestruct.Wood", "Kodestruct.Wood\Kodestruct.Wood.csproj", "{130EDFF1-BBBF-445C-B82D-0B2F19F5F2A0}"
EndProject
Project("{9A19103F-16F7-4668-BE54-9A1E7A4F7556}") = "Kodestruct.Aluminum", "Kodestruct.Aluminum\Kodestruct.Aluminum.csproj", "{9E10D987-04B4-4FDD-9729-34D71A689716}"
EndProject
Project("{9A19103F-16F7-4668-BE54-9A1E7A4F7556}") = "Kodestruct.Loads", "Kodestruct.Loads\Kodestruct.Loads.csproj", "{9E9567BC-16C1-40E1-9ECB-216D28BDBC83}"
EndProject
Project("{2150E333-8FDC-42A3-9474-1A3956D46DE8}") = "Tests", "Tests", "{9EB6792D-53BA-4202-A86F-32688418C927}"
EndProject
Project("{FAE04EC0-301F-11D3-BF4B-00C04F79EFBC}") = "Kodestruct.Steel.Tests", "Tests\Kodestruct.Steel.Tests\Kodestruct.Steel.Tests.csproj", "{37D61338-93FB-4791-B950-04549B99420F}"
EndProject
Project("{FAE04EC0-301F-11D3-BF4B-00C04F79EFBC}") = "Kodestruct.Tests.Common", "Tests\Kodestruct.Tests.Common\Kodestruct.Tests.Common.csproj", "{D970EBDA-23F5-42BD-8C09-047561108F99}"
EndProject
Global
	GlobalSection(SolutionConfigurationPlatforms) = preSolution
		Debug|Any CPU = Debug|Any CPU
		Release|Any CPU = Release|Any CPU
	EndGlobalSection
	GlobalSection(ProjectConfigurationPlatforms) = postSolution
		{7C5B0987-EE62-4E91-BA1C-D8C08E66F0DD}.Debug|Any CPU.ActiveCfg = Debug|Any CPU
		{7C5B0987-EE62-4E91-BA1C-D8C08E66F0DD}.Debug|Any CPU.Build.0 = Debug|Any CPU
		{7C5B0987-EE62-4E91-BA1C-D8C08E66F0DD}.Release|Any CPU.ActiveCfg = Release|Any CPU
		{7C5B0987-EE62-4E91-BA1C-D8C08E66F0DD}.Release|Any CPU.Build.0 = Release|Any CPU
		{E53D4DFE-FEB0-4395-86AB-D97A2E7E9B8E}.Debug|Any CPU.ActiveCfg = Debug|Any CPU
		{E53D4DFE-FEB0-4395-86AB-D97A2E7E9B8E}.Debug|Any CPU.Build.0 = Debug|Any CPU
		{E53D4DFE-FEB0-4395-86AB-D97A2E7E9B8E}.Release|Any CPU.ActiveCfg = Release|Any CPU
		{E53D4DFE-FEB0-4395-86AB-D97A2E7E9B8E}.Release|Any CPU.Build.0 = Release|Any CPU
		{80F897EA-99AB-4532-8BA6-96DE5FEEBFA2}.Debug|Any CPU.ActiveCfg = Debug|Any CPU
		{80F897EA-99AB-4532-8BA6-96DE5FEEBFA2}.Debug|Any CPU.Build.0 = Debug|Any CPU
		{80F897EA-99AB-4532-8BA6-96DE5FEEBFA2}.Release|Any CPU.ActiveCfg = Release|Any CPU
		{80F897EA-99AB-4532-8BA6-96DE5FEEBFA2}.Release|Any CPU.Build.0 = Release|Any CPU
		{E48771D4-795D-49E8-BD49-79DE99AFFD4E}.Debug|Any CPU.ActiveCfg = Debug|Any CPU
		{E48771D4-795D-49E8-BD49-79DE99AFFD4E}.Debug|Any CPU.Build.0 = Debug|Any CPU
		{E48771D4-795D-49E8-BD49-79DE99AFFD4E}.Release|Any CPU.ActiveCfg = Release|Any CPU
		{E48771D4-795D-49E8-BD49-79DE99AFFD4E}.Release|Any CPU.Build.0 = Release|Any CPU
		{130EDFF1-BBBF-445C-B82D-0B2F19F5F2A0}.Debug|Any CPU.ActiveCfg = Debug|Any CPU
		{130EDFF1-BBBF-445C-B82D-0B2F19F5F2A0}.Debug|Any CPU.Build.0 = Debug|Any CPU
		{130EDFF1-BBBF-445C-B82D-0B2F19F5F2A0}.Release|Any CPU.ActiveCfg = Release|Any CPU
		{130EDFF1-BBBF-445C-B82D-0B2F19F5F2A0}.Release|Any CPU.Build.0 = Release|Any CPU
		{9E10D987-04B4-4FDD-9729-34D71A689716}.Debug|Any CPU.ActiveCfg = Debug|Any CPU
		{9E10D987-04B4-4FDD-9729-34D71A689716}.Debug|Any CPU.Build.0 = Debug|Any CPU
		{9E10D987-04B4-4FDD-9729-34D71A689716}.Release|Any CPU.ActiveCfg = Release|Any CPU
		{9E10D987-04B4-4FDD-9729-34D71A689716}.Release|Any CPU.Build.0 = Release|Any CPU
		{9E9567BC-16C1-40E1-9ECB-216D28BDBC83}.Debug|Any CPU.ActiveCfg = Debug|Any CPU
		{9E9567BC-16C1-40E1-9ECB-216D28BDBC83}.Debug|Any CPU.Build.0 = Debug|Any CPU
		{9E9567BC-16C1-40E1-9ECB-216D28BDBC83}.Release|Any CPU.ActiveCfg = Release|Any CPU
		{9E9567BC-16C1-40E1-9ECB-216D28BDBC83}.Release|Any CPU.Build.0 = Release|Any CPU
		{37D61338-93FB-4791-B950-04549B99420F}.Debug|Any CPU.ActiveCfg = Debug|Any CPU
		{37D61338-93FB-4791-B950-04549B99420F}.Debug|Any CPU.Build.0 = Debug|Any CPU
		{37D61338-93FB-4791-B950-04549B99420F}.Release|Any CPU.ActiveCfg = Release|Any CPU
		{37D61338-93FB-4791-B950-04549B99420F}.Release|Any CPU.Build.0 = Release|Any CPU
		{D970EBDA-23F5-42BD-8C09-047561108F99}.Debug|Any CPU.ActiveCfg = Debug|Any CPU
		{D970EBDA-23F5-42BD-8C09-047561108F99}.Debug|Any CPU.Build.0 = Debug|Any CPU
		{D970EBDA-23F5-42BD-8C09-047561108F99}.Release|Any CPU.ActiveCfg = Release|Any CPU
		{D970EBDA-23F5-42BD-8C09-047561108F99}.Release|Any CPU.Build.0 = Release|Any CPU
	EndGlobalSection
	GlobalSection(SolutionProperties) = preSolution
		HideSolutionNode = FALSE
	EndGlobalSection
	GlobalSection(NestedProjects) = preSolution
		{37D61338-93FB-4791-B950-04549B99420F} = {9EB6792D-53BA-4202-A86F-32688418C927}
		{D970EBDA-23F5-42BD-8C09-047561108F99} = {9EB6792D-53BA-4202-A86F-32688418C927}
	EndGlobalSection
	GlobalSection(ExtensibilityGlobals) = postSolution
		SolutionGuid = {0B48E52F-323B-4863-839E-0DE1BBA15E30}
	EndGlobalSection
EndGlobal
